# THIS IS AN AUTOGENERATED FILE. DO NOT EDIT THIS FILE DIRECTLY.
# yarn lockfile v1


"@types/node@^22.10.5":
  version "22.10.5"
  resolved "https://registry.yarnpkg.com/@types/node/-/node-22.10.5.tgz#95af89a3fb74a2bb41ef9927f206e6472026e48b"
  integrity sha512-F8Q+SeGimwOo86fiovQh8qiXfFEh2/ocYv7tU5pJ3EXMSSxk1Joj5wefpFK2fHTf/N6HKGSxIDBT9f3gCxXPkQ==
  dependencies:
    undici-types "~6.20.0"

ollama@^0.5.11:
  version "0.5.11"
  resolved "https://registry.yarnpkg.com/ollama/-/ollama-0.5.11.tgz#208e4476a6f010c20d24c83896223bfa660ec236"
  integrity sha512-lDAKcpmBU3VAOGF05NcQipHNKTdpKfAHpZ7bjCsElkUkmX7SNZImi6lwIxz/l1zQtLq0S3wuLneRuiXxX2KIew==
  dependencies:
    whatwg-fetch "^3.6.20"

typescript@^5.7.3:
  version "5.7.3"
  resolved "https://registry.yarnpkg.com/typescript/-/typescript-5.7.3.tgz#919b44a7dbb8583a9b856d162be24a54bf80073e"
  integrity sha512-84MVSjMEHP+FQRPy3pX9sTVV/INIex71s9TL2Gm5FG/WG1SqXeKyZ0k7/blY/4FdOzI12CBy1vGc4og/eus0fw==

undici-types@~6.20.0:
  version "6.20.0"
  resolved "https://registry.yarnpkg.com/undici-types/-/undici-types-6.20.0.tgz#8171bf22c1f588d1554d55bf204bc624af388433"
  integrity sha512-Ny6QZ2Nju20vw1SRHe3d9jVu6gJ+4e3+MMpqu7pqE5HT6WsTSlce++GQmK5UXS8mzV8DSYHrQH+Xrf2jVcuKNg==

whatwg-fetch@^3.6.20:
  version "3.6.20"
  resolved "https://registry.yarnpkg.com/whatwg-fetch/-/whatwg-fetch-3.6.20.tgz#580ce6d791facec91d37c72890995a0b48d31c70"
  integrity sha512-EqhiFU6daOA8kpjOWTL0olhVOF3i7OrFzSYiGsEMB8GcXS+RrzauAERX65xMeNWVqxA6HXH2m69Z9LaKKdisfg==
